%{
  "jason": {:hex, :jason, "1.2.0", "10043418c42d2493d0ee212d3fddd25d7ffe484380afad769a0a38795938e448", [:mix], [{:decimal, "~> 1.0", [hex: :decimal, repo: "hexpm", optional: true]}], "hexpm", "116747dbe057794c3a3e4e143b7c8390b29f634e16c78a7f59ba75bfa6852e7f"},
  "phoenix_client": {:hex, :phoenix_client, "0.10.0", "a77ace5495c400001808e96980673dd3b97b1048f296fd032991c52e8f5fe93d", [:mix], [{:jason, "~> 1.0", [hex: :jason, repo: "hexpm", optional: true]}, {:websocket_client, "~> 1.3", [hex: :websocket_client, repo: "hexpm", optional: true]}], "hexpm", "9374a29a9f835125cec73a2b45086eedce8df6b4d7c5353fced11bb48a3d6800"},
  "websocket_client": {:hex, :websocket_client, "1.3.0", "2275d7daaa1cdacebf2068891c9844b15f4fdc3de3ec2602420c2fb486db59b6", [:rebar3], [], "hexpm", "b864fa076f059b615da4ab99240e515b26132ce4d2d0f9df5d7f22f01fa04b65"},
}
